
Microsoft Visual Studio Solution File, Format Version 12.00
# Visual Studio Version 17
VisualStudioVersion = 17.11.35312.102
MinimumVisualStudioVersion = 10.0.40219.1
Project("{FAE04EC0-301F-11D3-BF4B-00C04F79EFBC}") = "IMonoUI", "IMonoUI\IMonoUI.csproj", "{0CF5E05B-E578-4D06-9E08-9BEF75AE50CD}"
EndProject
Global
	GlobalSection(SolutionConfigurationPlatforms) = preSolution
		Debug|Any CPU = Debug|Any CPU
		Release|Any CPU = Release|Any CPU
	EndGlobalSection
	GlobalSection(ProjectConfigurationPlatforms) = postSolution
		{0CF5E05B-E578-4D06-9E08-9BEF75AE50CD}.Debug|Any CPU.ActiveCfg = Debug|Any CPU
		{0CF5E05B-E578-4D06-9E08-9BEF75AE50CD}.Debug|Any CPU.Build.0 = Debug|Any CPU
		{0CF5E05B-E578-4D06-9E08-9BEF75AE50CD}.Release|Any CPU.ActiveCfg = Release|Any CPU
		{0CF5E05B-E578-4D06-9E08-9BEF75AE50CD}.Release|Any CPU.Build.0 = Release|Any CPU
	EndGlobalSection
	GlobalSection(SolutionProperties) = preSolution
		HideSolutionNode = FALSE
	EndGlobalSection
	GlobalSection(ExtensibilityGlobals) = postSolution
		SolutionGuid = {B25C212D-2C4D-47B6-8FBB-34225082C80C}
	EndGlobalSection
EndGlobal
